# This file is automatically @generated by Cargo.
# It is not intended for manual editing.
version = 4

[[package]]
name = "krishiv-api"
version = "0.1.0"
dependencies = [
 "krishiv-plan",
 "krishiv-runtime",
 "krishiv-sql",
]

[[package]]
name = "krishiv-cli"
version = "0.1.0"

[[package]]
name = "krishiv-exec"
version = "0.1.0"
dependencies = [
 "krishiv-plan",
]

[[package]]
name = "krishiv-plan"
version = "0.1.0"

[[package]]
name = "krishiv-runtime"
version = "0.1.0"
dependencies = [
 "krishiv-plan",
]

[[package]]
name = "krishiv-sql"
version = "0.1.0"
dependencies = [
 "krishiv-plan",
]
